
Microsoft Visual Studio Solution File, Format Version 12.00
# Visual Studio 15
VisualStudioVersion = 15.0.28307.539
MinimumVisualStudioVersion = 10.0.40219.1
Project("{888888A0-9F3D-457C-B088-3A5042F75D52}") = "odoMETRO", "odoMETRO.pyproj", "{AC3DA013-AB8F-494C-AE31-4AF74D0F68A1}"
EndProject
Global
	GlobalSection(SolutionConfigurationPlatforms) = preSolution
		Debug|Any CPU = Debug|Any CPU
		Release|Any CPU = Release|Any CPU
	EndGlobalSection
	GlobalSection(ProjectConfigurationPlatforms) = postSolution
		{AC3DA013-AB8F-494C-AE31-4AF74D0F68A1}.Debug|Any CPU.ActiveCfg = Debug|Any CPU
		{AC3DA013-AB8F-494C-AE31-4AF74D0F68A1}.Release|Any CPU.ActiveCfg = Release|Any CPU
	EndGlobalSection
	GlobalSection(SolutionProperties) = preSolution
		HideSolutionNode = FALSE
	EndGlobalSection
	GlobalSection(ExtensibilityGlobals) = postSolution
		SolutionGuid = {6E912E90-0449-431C-9202-A46E702EDC2E}
	EndGlobalSection
EndGlobal
